
Microsoft Visual Studio Solution File, Format Version 12.00
# Visual Studio 15
Project("{FAE04EC0-301F-11D3-BF4B-00C04F79EFBC}") = "Assembly-CSharp", "Assembly-CSharp.csproj", "{CDBDB539-9884-8A94-DB52-B837C842F3D8}"
EndProject
Project("{FAE04EC0-301F-11D3-BF4B-00C04F79EFBC}") = "Assembly-CSharp-firstpass", "Assembly-CSharp-firstpass.csproj", "{0A7A1D39-A208-6D07-3D12-CEC2245B5887}"
EndProject
Project("{FAE04EC0-301F-11D3-BF4B-00C04F79EFBC}") = "Assembly-CSharp-Editor-firstpass", "Assembly-CSharp-Editor-firstpass.csproj", "{84AE14AC-443E-89F8-898A-CCE6C336D8E0}"
EndProject
Global
	GlobalSection(SolutionConfigurationPlatforms) = preSolution
		Debug|Any CPU = Debug|Any CPU
		Release|Any CPU = Release|Any CPU
	EndGlobalSection
	GlobalSection(ProjectConfigurationPlatforms) = postSolution
		{CDBDB539-9884-8A94-DB52-B837C842F3D8}.Debug|Any CPU.ActiveCfg = Debug|Any CPU
		{CDBDB539-9884-8A94-DB52-B837C842F3D8}.Debug|Any CPU.Build.0 = Debug|Any CPU
		{CDBDB539-9884-8A94-DB52-B837C842F3D8}.Release|Any CPU.ActiveCfg = Release|Any CPU
		{CDBDB539-9884-8A94-DB52-B837C842F3D8}.Release|Any CPU.Build.0 = Release|Any CPU
		{0A7A1D39-A208-6D07-3D12-CEC2245B5887}.Debug|Any CPU.ActiveCfg = Debug|Any CPU
		{0A7A1D39-A208-6D07-3D12-CEC2245B5887}.Debug|Any CPU.Build.0 = Debug|Any CPU
		{0A7A1D39-A208-6D07-3D12-CEC2245B5887}.Release|Any CPU.ActiveCfg = Release|Any CPU
		{0A7A1D39-A208-6D07-3D12-CEC2245B5887}.Release|Any CPU.Build.0 = Release|Any CPU
		{84AE14AC-443E-89F8-898A-CCE6C336D8E0}.Debug|Any CPU.ActiveCfg = Debug|Any CPU
		{84AE14AC-443E-89F8-898A-CCE6C336D8E0}.Debug|Any CPU.Build.0 = Debug|Any CPU
		{84AE14AC-443E-89F8-898A-CCE6C336D8E0}.Release|Any CPU.ActiveCfg = Release|Any CPU
		{84AE14AC-443E-89F8-898A-CCE6C336D8E0}.Release|Any CPU.Build.0 = Release|Any CPU
	EndGlobalSection
	GlobalSection(SolutionProperties) = preSolution
		HideSolutionNode = FALSE
	EndGlobalSection
EndGlobal
